{
  "name": "20210117",
  "version": "1.0.0",
  "lockfileVersion": 1,
  "requires": true,
  "dependencies": {
    "jquery": {
      "version": "3.5.1",
      "resolved": "https://registry.npm.taobao.org/jquery/download/jquery-3.5.1.tgz",
      "integrity": "sha1-17TQjhv9uGrS8aPQOeoXMEcXq7U="
    },
    "js-tokens": {
      "version": "4.0.0",
      "resolved": "https://registry.npm.taobao.org/js-tokens/download/js-tokens-4.0.0.tgz?cache=0&sync_timestamp=1586796397906&other_urls=https%3A%2F%2Fregistry.npm.taobao.org%2Fjs-tokens%2Fdownload%2Fjs-tokens-4.0.0.tgz",
      "integrity": "sha1-GSA/tZmR35jjoocFDUZHzerzJJk="
    },
    "loose-envify": {
      "version": "1.4.0",
      "resolved": "https://registry.npm.taobao.org/loose-envify/download/loose-envify-1.4.0.tgz",
      "integrity": "sha1-ce5R+nvkyuwaY4OffmgtgTLTDK8=",
      "requires": {
        "js-tokens": "^3.0.0 || ^4.0.0"
      }
    },
    "qs": {
      "version": "6.9.6",
      "resolved": "https://registry.npm.taobao.org/qs/download/qs-6.9.6.tgz?cache=0&sync_timestamp=1610598174727&other_urls=https%3A%2F%2Fregistry.npm.taobao.org%2Fqs%2Fdownload%2Fqs-6.9.6.tgz",
      "integrity": "sha1-Ju08gkOkMbKSSsqEzJBHHzXVoO4="
    },
    "redux": {
      "version": "4.0.5",
      "resolved": "https://registry.npm.taobao.org/redux/download/redux-4.0.5.tgz",
      "integrity": "sha1-TbXeWBbheJHeioDEJCMtBvBR2T8=",
      "requires": {
        "loose-envify": "^1.4.0",
        "symbol-observable": "^1.2.0"
      }
    },
    "symbol-observable": {
      "version": "1.2.0",
      "resolved": "https://registry.npm.taobao.org/symbol-observable/download/symbol-observable-1.2.0.tgz?cache=0&sync_timestamp=1604338077306&other_urls=https%3A%2F%2Fregistry.npm.taobao.org%2Fsymbol-observable%2Fdownload%2Fsymbol-observable-1.2.0.tgz",
      "integrity": "sha1-wiaIrtTqs83C3+rLtWFmBWCgCAQ="
    },
    "underscore": {
      "version": "1.12.0",
      "resolved": "https://registry.npm.taobao.org/underscore/download/underscore-1.12.0.tgz",
      "integrity": "sha1-SBSUBVH8gFh873hA0euw8WRTvpc="
    },
    "zepto": {
      "version": "1.2.0",
      "resolved": "https://registry.npm.taobao.org/zepto/download/zepto-1.2.0.tgz",
      "integrity": "sha1-4Se9nmb9hGvl6rSME5SIL3wOT5g="
    }
  }
}
